
Microsoft Visual Studio Solution File, Format Version 12.00
# Visual Studio 15
VisualStudioVersion = 15.0.27130.2027
MinimumVisualStudioVersion = 10.0.40219.1
Project("{FAE04EC0-301F-11D3-BF4B-00C04F79EFBC}") = "CovertToString", "CovertToString\CovertToString.csproj", "{2B0241F2-514D-422A-825E-0509153F6D5C}"
EndProject
Project("{FAE04EC0-301F-11D3-BF4B-00C04F79EFBC}") = "gogo", "gogo\gogo.csproj", "{F3DE9AD5-2C66-4B4A-A128-21A7530D7E77}"
EndProject
Global
	GlobalSection(SolutionConfigurationPlatforms) = preSolution
		Debug|Any CPU = Debug|Any CPU
		Release|Any CPU = Release|Any CPU
	EndGlobalSection
	GlobalSection(ProjectConfigurationPlatforms) = postSolution
		{2B0241F2-514D-422A-825E-0509153F6D5C}.Debug|Any CPU.ActiveCfg = Debug|Any CPU
		{2B0241F2-514D-422A-825E-0509153F6D5C}.Debug|Any CPU.Build.0 = Debug|Any CPU
		{2B0241F2-514D-422A-825E-0509153F6D5C}.Release|Any CPU.ActiveCfg = Release|Any CPU
		{2B0241F2-514D-422A-825E-0509153F6D5C}.Release|Any CPU.Build.0 = Release|Any CPU
		{F3DE9AD5-2C66-4B4A-A128-21A7530D7E77}.Debug|Any CPU.ActiveCfg = Debug|Any CPU
		{F3DE9AD5-2C66-4B4A-A128-21A7530D7E77}.Debug|Any CPU.Build.0 = Debug|Any CPU
		{F3DE9AD5-2C66-4B4A-A128-21A7530D7E77}.Release|Any CPU.ActiveCfg = Release|Any CPU
		{F3DE9AD5-2C66-4B4A-A128-21A7530D7E77}.Release|Any CPU.Build.0 = Release|Any CPU
	EndGlobalSection
	GlobalSection(SolutionProperties) = preSolution
		HideSolutionNode = FALSE
	EndGlobalSection
	GlobalSection(ExtensibilityGlobals) = postSolution
		SolutionGuid = {03ACAC3A-545C-4AD2-BAD3-65A9BE02C30F}
	EndGlobalSection
EndGlobal
